
Microsoft Visual Studio Solution File, Format Version 12.00
# Visual Studio 2013
VisualStudioVersion = 12.0.40629.0
MinimumVisualStudioVersion = 10.0.40219.1
Project("{FAE04EC0-301F-11D3-BF4B-00C04F79EFBC}") = "LogHelper", "LogHelper\LogHelper.csproj", "{50AFAF12-EE6F-4316-A240-82767C400EDA}"
EndProject
Project("{FAE04EC0-301F-11D3-BF4B-00C04F79EFBC}") = "LogTest", "LogTest\LogTest.csproj", "{4AE35E0A-7416-4BF3-A17C-B5DE1FBC6C2C}"
EndProject
Global
	GlobalSection(SolutionConfigurationPlatforms) = preSolution
		Debug|Any CPU = Debug|Any CPU
		Release|Any CPU = Release|Any CPU
	EndGlobalSection
	GlobalSection(ProjectConfigurationPlatforms) = postSolution
		{50AFAF12-EE6F-4316-A240-82767C400EDA}.Debug|Any CPU.ActiveCfg = Debug|Any CPU
		{50AFAF12-EE6F-4316-A240-82767C400EDA}.Debug|Any CPU.Build.0 = Debug|Any CPU
		{50AFAF12-EE6F-4316-A240-82767C400EDA}.Release|Any CPU.ActiveCfg = Release|Any CPU
		{50AFAF12-EE6F-4316-A240-82767C400EDA}.Release|Any CPU.Build.0 = Release|Any CPU
		{4AE35E0A-7416-4BF3-A17C-B5DE1FBC6C2C}.Debug|Any CPU.ActiveCfg = Debug|Any CPU
		{4AE35E0A-7416-4BF3-A17C-B5DE1FBC6C2C}.Debug|Any CPU.Build.0 = Debug|Any CPU
		{4AE35E0A-7416-4BF3-A17C-B5DE1FBC6C2C}.Release|Any CPU.ActiveCfg = Release|Any CPU
		{4AE35E0A-7416-4BF3-A17C-B5DE1FBC6C2C}.Release|Any CPU.Build.0 = Release|Any CPU
	EndGlobalSection
	GlobalSection(SolutionProperties) = preSolution
		HideSolutionNode = FALSE
	EndGlobalSection
EndGlobal
